
Microsoft Visual Studio Solution File, Format Version 12.00
# Visual Studio Version 16
VisualStudioVersion = 16.0.810.14
MinimumVisualStudioVersion = 10.0.40219.1
Project("{FAE04EC0-301F-11D3-BF4B-00C04F79EFBC}") = "Lab9_13", "Lab9_13\Lab9_13.csproj", "{B82CC0F8-D814-4E49-9E23-7F9DBE39EC62}"
EndProject
Global
	GlobalSection(SolutionConfigurationPlatforms) = preSolution
		Debug|Any CPU = Debug|Any CPU
		Release|Any CPU = Release|Any CPU
	EndGlobalSection
	GlobalSection(ProjectConfigurationPlatforms) = postSolution
		{B82CC0F8-D814-4E49-9E23-7F9DBE39EC62}.Debug|Any CPU.ActiveCfg = Debug|Any CPU
		{B82CC0F8-D814-4E49-9E23-7F9DBE39EC62}.Debug|Any CPU.Build.0 = Debug|Any CPU
		{B82CC0F8-D814-4E49-9E23-7F9DBE39EC62}.Release|Any CPU.ActiveCfg = Release|Any CPU
		{B82CC0F8-D814-4E49-9E23-7F9DBE39EC62}.Release|Any CPU.Build.0 = Release|Any CPU
	EndGlobalSection
	GlobalSection(SolutionProperties) = preSolution
		HideSolutionNode = FALSE
	EndGlobalSection
	GlobalSection(ExtensibilityGlobals) = postSolution
		SolutionGuid = {22CE64B6-10EE-463E-8450-6B5A49AB7592}
	EndGlobalSection
EndGlobal
