
Microsoft Visual Studio Solution File, Format Version 12.00
# Visual Studio Version 16
VisualStudioVersion = 16.0.810.8
MinimumVisualStudioVersion = 10.0.40219.1
Project("{FAE04EC0-301F-11D3-BF4B-00C04F79EFBC}") = "Lab3_13", "Lab3_13\Lab3_13.csproj", "{F317BCED-0181-45B5-8F57-C0931944639D}"
EndProject
Global
	GlobalSection(SolutionConfigurationPlatforms) = preSolution
		Debug|Any CPU = Debug|Any CPU
		Release|Any CPU = Release|Any CPU
	EndGlobalSection
	GlobalSection(ProjectConfigurationPlatforms) = postSolution
		{F317BCED-0181-45B5-8F57-C0931944639D}.Debug|Any CPU.ActiveCfg = Debug|Any CPU
		{F317BCED-0181-45B5-8F57-C0931944639D}.Debug|Any CPU.Build.0 = Debug|Any CPU
		{F317BCED-0181-45B5-8F57-C0931944639D}.Release|Any CPU.ActiveCfg = Release|Any CPU
		{F317BCED-0181-45B5-8F57-C0931944639D}.Release|Any CPU.Build.0 = Release|Any CPU
	EndGlobalSection
	GlobalSection(SolutionProperties) = preSolution
		HideSolutionNode = FALSE
	EndGlobalSection
	GlobalSection(ExtensibilityGlobals) = postSolution
		SolutionGuid = {81DE936B-0236-4396-8642-82ADB08A72CF}
	EndGlobalSection
EndGlobal
