
Microsoft Visual Studio Solution File, Format Version 12.00
# Visual Studio Version 16
VisualStudioVersion = 16.0.810.8
MinimumVisualStudioVersion = 10.0.40219.1
Project("{FAE04EC0-301F-11D3-BF4B-00C04F79EFBC}") = "Lab2_13", "Lab2_13\Lab2_13.csproj", "{C7263667-676E-4294-B64B-E6A0FCF8CEFB}"
EndProject
Global
	GlobalSection(SolutionConfigurationPlatforms) = preSolution
		Debug|Any CPU = Debug|Any CPU
		Release|Any CPU = Release|Any CPU
	EndGlobalSection
	GlobalSection(ProjectConfigurationPlatforms) = postSolution
		{C7263667-676E-4294-B64B-E6A0FCF8CEFB}.Debug|Any CPU.ActiveCfg = Debug|Any CPU
		{C7263667-676E-4294-B64B-E6A0FCF8CEFB}.Debug|Any CPU.Build.0 = Debug|Any CPU
		{C7263667-676E-4294-B64B-E6A0FCF8CEFB}.Release|Any CPU.ActiveCfg = Release|Any CPU
		{C7263667-676E-4294-B64B-E6A0FCF8CEFB}.Release|Any CPU.Build.0 = Release|Any CPU
	EndGlobalSection
	GlobalSection(SolutionProperties) = preSolution
		HideSolutionNode = FALSE
	EndGlobalSection
	GlobalSection(ExtensibilityGlobals) = postSolution
		SolutionGuid = {33B621B1-D162-41AC-AC05-0339921A66BC}
	EndGlobalSection
EndGlobal
