
Microsoft Visual Studio Solution File, Format Version 12.00
# Visual Studio Version 16
VisualStudioVersion = 16.0.810.17
MinimumVisualStudioVersion = 10.0.40219.1
Project("{FAE04EC0-301F-11D3-BF4B-00C04F79EFBC}") = "Lab2_13_2", "Lab2_13_2\Lab2_13_2.csproj", "{21F86AE6-10F4-4DA1-B27C-2E2E14BAAE89}"
EndProject
Global
	GlobalSection(SolutionConfigurationPlatforms) = preSolution
		Debug|Any CPU = Debug|Any CPU
		Release|Any CPU = Release|Any CPU
	EndGlobalSection
	GlobalSection(ProjectConfigurationPlatforms) = postSolution
		{21F86AE6-10F4-4DA1-B27C-2E2E14BAAE89}.Debug|Any CPU.ActiveCfg = Debug|Any CPU
		{21F86AE6-10F4-4DA1-B27C-2E2E14BAAE89}.Debug|Any CPU.Build.0 = Debug|Any CPU
		{21F86AE6-10F4-4DA1-B27C-2E2E14BAAE89}.Release|Any CPU.ActiveCfg = Release|Any CPU
		{21F86AE6-10F4-4DA1-B27C-2E2E14BAAE89}.Release|Any CPU.Build.0 = Release|Any CPU
	EndGlobalSection
	GlobalSection(SolutionProperties) = preSolution
		HideSolutionNode = FALSE
	EndGlobalSection
	GlobalSection(ExtensibilityGlobals) = postSolution
		SolutionGuid = {F68E33D2-5F37-479D-9C4D-60776AFFFB08}
	EndGlobalSection
EndGlobal
